<?xml version="1.0" encoding="utf-8"?>
<Project ToolsVersion="4.0" xmlns="http://schemas.microsoft.com/developer/msbuild/2003">
  <ItemGroup>
    <Filter Include="win32">
      <UniqueIdentifier>{84a8ebd7-7cf0-47f6-b75e-d441df67da40}</UniqueIdentifier>
    </Filter>
    <Filter Include="resource">
      <UniqueIdentifier>{715254bc-d70b-4ec5-bf29-467dd3ace079}</UniqueIdentifier>
    </Filter>
    <Filter Include="Classes">
      <UniqueIdentifier>{bb6c862e-70e9-49d9-81b7-3829a6f50471}</UniqueIdentifier>
    </Filter>
    <Filter Include="Classes\Wrapper">
      <UniqueIdentifier>{6baf08ec-c710-4ef9-b96e-00e5cf822cb7}</UniqueIdentifier>
    </Filter>
    <Filter Include="Classes\Wrapper\Log">
      <UniqueIdentifier>{cab6e856-da18-4c9d-b7e4-d6edfaf1af7a}</UniqueIdentifier>
    </Filter>
    <Filter Include="Classes\Wrapper\쓰래기통">
      <UniqueIdentifier>{f8fc2275-a084-42d2-876c-82bd88784795}</UniqueIdentifier>
    </Filter>
    <Filter Include="Classes\Base">
      <UniqueIdentifier>{73db25a5-7c28-4254-8974-40868f360665}</UniqueIdentifier>
    </Filter>
    <Filter Include="Classes\Block">
      <UniqueIdentifier>{ea61b671-1b37-4a21-9554-cad443582f83}</UniqueIdentifier>
    </Filter>
  </ItemGroup>
  <ItemGroup>
    <ClCompile Include="main.cpp">
      <Filter>win32</Filter>
    </ClCompile>
    <ClCompile Include="..\Classes\stdafx.cpp">
      <Filter>Classes\Wrapper</Filter>
    </ClCompile>
    <ClCompile Include="Console.cpp">
      <Filter>win32</Filter>
    </ClCompile>
    <ClCompile Include="..\Classes\Log.cpp">
      <Filter>Classes\Wrapper\Log</Filter>
    </ClCompile>
    <ClCompile Include="..\Classes\AppDelegate.cpp">
      <Filter>Classes\Base</Filter>
    </ClCompile>
    <ClCompile Include="..\Classes\HelloWorldScene.cpp">
      <Filter>Classes\Base</Filter>
    </ClCompile>
    <ClCompile Include="..\Classes\MapLayer.cpp">
      <Filter>Classes\Base</Filter>
    </ClCompile>
    <ClCompile Include="..\Classes\BlockBase.cpp">
      <Filter>Classes\Block</Filter>
    </ClCompile>
  </ItemGroup>
  <ItemGroup>
    <ClInclude Include="main.h">
      <Filter>win32</Filter>
    </ClInclude>
    <ClInclude Include="..\Classes\stdafx.h">
      <Filter>Classes\Wrapper</Filter>
    </ClInclude>
    <ClInclude Include="Console.h">
      <Filter>win32</Filter>
    </ClInclude>
    <ClInclude Include="..\Classes\TypeDef.h">
      <Filter>Classes\Wrapper</Filter>
    </ClInclude>
    <ClInclude Include="..\Classes\Log.h">
      <Filter>Classes\Wrapper\Log</Filter>
    </ClInclude>
    <ClInclude Include="..\Classes\VariableArguments.h">
      <Filter>Classes\Wrapper\쓰래기통</Filter>
    </ClInclude>
    <ClInclude Include="..\Classes\AppDelegate.h">
      <Filter>Classes\Base</Filter>
    </ClInclude>
    <ClInclude Include="..\Classes\HelloWorldScene.h">
      <Filter>Classes\Base</Filter>
    </ClInclude>
    <ClInclude Include="..\Classes\MapLayer.h">
      <Filter>Classes\Base</Filter>
    </ClInclude>
    <ClInclude Include="..\Classes\STL.h">
      <Filter>Classes\Wrapper</Filter>
    </ClInclude>
    <ClInclude Include="..\Classes\BlockBase.h">
      <Filter>Classes\Block</Filter>
    </ClInclude>
  </ItemGroup>
  <ItemGroup>
    <ResourceCompile Include="game.rc">
      <Filter>resource</Filter>
    </ResourceCompile>
  </ItemGroup>
</Project>